
Microsoft Visual Studio Solution File, Format Version 12.00
# Visual Studio Version 16
VisualStudioVersion = 16.0.29728.190
MinimumVisualStudioVersion = 10.0.40219.1
Project("{FAE04EC0-301F-11D3-BF4B-00C04F79EFBC}") = "DocManager.View", "DocManager.View\DocManager.View.csproj", "{E05F8CBD-0063-4FC4-8A2D-8EDF91602AD7}"
EndProject
Project("{FAE04EC0-301F-11D3-BF4B-00C04F79EFBC}") = "DocManager.ViewModel", "DocManager.ViewModel\DocManager.ViewModel.csproj", "{09D4EC1B-9D1B-4713-97A9-EA15A3E35563}"
EndProject
Project("{9A19103F-16F7-4668-BE54-9A1E7A4F7556}") = "DocManager.Core", "DocManage.Core\DocManager.Core.csproj", "{34517165-99F7-4AF1-9455-86BC9B46CB16}"
EndProject
Project("{9A19103F-16F7-4668-BE54-9A1E7A4F7556}") = "DocManager.Data", "DocManager.Data\DocManager.Data.csproj", "{856D0095-6F44-4E14-8125-00A02E4D14E7}"
EndProject
Project("{FAE04EC0-301F-11D3-BF4B-00C04F79EFBC}") = "DocManager.Services", "DocManager.Services\DocManager.Services.csproj", "{91A2F439-D2D9-42CD-BC98-AF135A9FB199}"
EndProject
Global
	GlobalSection(SolutionConfigurationPlatforms) = preSolution
		Debug|Any CPU = Debug|Any CPU
		Release|Any CPU = Release|Any CPU
	EndGlobalSection
	GlobalSection(ProjectConfigurationPlatforms) = postSolution
		{E05F8CBD-0063-4FC4-8A2D-8EDF91602AD7}.Debug|Any CPU.ActiveCfg = Debug|Any CPU
		{E05F8CBD-0063-4FC4-8A2D-8EDF91602AD7}.Debug|Any CPU.Build.0 = Debug|Any CPU
		{E05F8CBD-0063-4FC4-8A2D-8EDF91602AD7}.Release|Any CPU.ActiveCfg = Release|Any CPU
		{E05F8CBD-0063-4FC4-8A2D-8EDF91602AD7}.Release|Any CPU.Build.0 = Release|Any CPU
		{09D4EC1B-9D1B-4713-97A9-EA15A3E35563}.Debug|Any CPU.ActiveCfg = Debug|Any CPU
		{09D4EC1B-9D1B-4713-97A9-EA15A3E35563}.Debug|Any CPU.Build.0 = Debug|Any CPU
		{09D4EC1B-9D1B-4713-97A9-EA15A3E35563}.Release|Any CPU.ActiveCfg = Release|Any CPU
		{09D4EC1B-9D1B-4713-97A9-EA15A3E35563}.Release|Any CPU.Build.0 = Release|Any CPU
		{34517165-99F7-4AF1-9455-86BC9B46CB16}.Debug|Any CPU.ActiveCfg = Debug|Any CPU
		{34517165-99F7-4AF1-9455-86BC9B46CB16}.Debug|Any CPU.Build.0 = Debug|Any CPU
		{34517165-99F7-4AF1-9455-86BC9B46CB16}.Release|Any CPU.ActiveCfg = Release|Any CPU
		{34517165-99F7-4AF1-9455-86BC9B46CB16}.Release|Any CPU.Build.0 = Release|Any CPU
		{856D0095-6F44-4E14-8125-00A02E4D14E7}.Debug|Any CPU.ActiveCfg = Debug|Any CPU
		{856D0095-6F44-4E14-8125-00A02E4D14E7}.Debug|Any CPU.Build.0 = Debug|Any CPU
		{856D0095-6F44-4E14-8125-00A02E4D14E7}.Release|Any CPU.ActiveCfg = Release|Any CPU
		{856D0095-6F44-4E14-8125-00A02E4D14E7}.Release|Any CPU.Build.0 = Release|Any CPU
		{91A2F439-D2D9-42CD-BC98-AF135A9FB199}.Debug|Any CPU.ActiveCfg = Debug|Any CPU
		{91A2F439-D2D9-42CD-BC98-AF135A9FB199}.Debug|Any CPU.Build.0 = Debug|Any CPU
		{91A2F439-D2D9-42CD-BC98-AF135A9FB199}.Release|Any CPU.ActiveCfg = Release|Any CPU
		{91A2F439-D2D9-42CD-BC98-AF135A9FB199}.Release|Any CPU.Build.0 = Release|Any CPU
	EndGlobalSection
	GlobalSection(SolutionProperties) = preSolution
		HideSolutionNode = FALSE
	EndGlobalSection
	GlobalSection(ExtensibilityGlobals) = postSolution
		SolutionGuid = {F25D2B8D-3700-474C-92AA-170E0E8077E6}
	EndGlobalSection
EndGlobal
