
Microsoft Visual Studio Solution File, Format Version 12.00
# Visual Studio Version 16
VisualStudioVersion = 16.0.29728.190
MinimumVisualStudioVersion = 10.0.40219.1
Project("{9A19103F-16F7-4668-BE54-9A1E7A4F7556}") = "DocManager.API", "DocManager.API\DocManager.API.csproj", "{94648827-AB5B-43F0-ABB7-450E081B4171}"
EndProject
Project("{9A19103F-16F7-4668-BE54-9A1E7A4F7556}") = "DocManager.Core", "DocManager.Core\DocManager.Core.csproj", "{79BBDE95-2813-4359-81FA-2DD7659C41B1}"
EndProject
Project("{9A19103F-16F7-4668-BE54-9A1E7A4F7556}") = "DocManager.Data", "DocManager.Data\DocManager.Data.csproj", "{18A8A40F-FA20-4BDD-ADD9-159363AC00A9}"
EndProject
Project("{9A19103F-16F7-4668-BE54-9A1E7A4F7556}") = "DocManager.Services", "DocManager.Services\DocManager.Services.csproj", "{AA9915E7-4A12-49CD-9765-11A46CFB027A}"
EndProject
Project("{9A19103F-16F7-4668-BE54-9A1E7A4F7556}") = "DocManager.Services.Contract", "DocManager.Services.Contract\DocManager.Services.Contract.csproj", "{5C5F1226-9392-4BFA-832A-7568BDF56829}"
EndProject
Project("{00D1A9C2-B5F0-4AF3-8072-F6C62B433612}") = "DocManager.Db", "DocManager.Db\DocManager.Db.sqlproj", "{8AF1D8BC-2F8A-4A96-8108-7F4658210C85}"
EndProject
Global
	GlobalSection(SolutionConfigurationPlatforms) = preSolution
		Debug|Any CPU = Debug|Any CPU
		Release|Any CPU = Release|Any CPU
	EndGlobalSection
	GlobalSection(ProjectConfigurationPlatforms) = postSolution
		{94648827-AB5B-43F0-ABB7-450E081B4171}.Debug|Any CPU.ActiveCfg = Debug|Any CPU
		{94648827-AB5B-43F0-ABB7-450E081B4171}.Debug|Any CPU.Build.0 = Debug|Any CPU
		{94648827-AB5B-43F0-ABB7-450E081B4171}.Release|Any CPU.ActiveCfg = Release|Any CPU
		{94648827-AB5B-43F0-ABB7-450E081B4171}.Release|Any CPU.Build.0 = Release|Any CPU
		{79BBDE95-2813-4359-81FA-2DD7659C41B1}.Debug|Any CPU.ActiveCfg = Debug|Any CPU
		{79BBDE95-2813-4359-81FA-2DD7659C41B1}.Debug|Any CPU.Build.0 = Debug|Any CPU
		{79BBDE95-2813-4359-81FA-2DD7659C41B1}.Release|Any CPU.ActiveCfg = Release|Any CPU
		{79BBDE95-2813-4359-81FA-2DD7659C41B1}.Release|Any CPU.Build.0 = Release|Any CPU
		{18A8A40F-FA20-4BDD-ADD9-159363AC00A9}.Debug|Any CPU.ActiveCfg = Debug|Any CPU
		{18A8A40F-FA20-4BDD-ADD9-159363AC00A9}.Debug|Any CPU.Build.0 = Debug|Any CPU
		{18A8A40F-FA20-4BDD-ADD9-159363AC00A9}.Release|Any CPU.ActiveCfg = Release|Any CPU
		{18A8A40F-FA20-4BDD-ADD9-159363AC00A9}.Release|Any CPU.Build.0 = Release|Any CPU
		{AA9915E7-4A12-49CD-9765-11A46CFB027A}.Debug|Any CPU.ActiveCfg = Debug|Any CPU
		{AA9915E7-4A12-49CD-9765-11A46CFB027A}.Debug|Any CPU.Build.0 = Debug|Any CPU
		{AA9915E7-4A12-49CD-9765-11A46CFB027A}.Release|Any CPU.ActiveCfg = Release|Any CPU
		{AA9915E7-4A12-49CD-9765-11A46CFB027A}.Release|Any CPU.Build.0 = Release|Any CPU
		{5C5F1226-9392-4BFA-832A-7568BDF56829}.Debug|Any CPU.ActiveCfg = Debug|Any CPU
		{5C5F1226-9392-4BFA-832A-7568BDF56829}.Debug|Any CPU.Build.0 = Debug|Any CPU
		{5C5F1226-9392-4BFA-832A-7568BDF56829}.Release|Any CPU.ActiveCfg = Release|Any CPU
		{5C5F1226-9392-4BFA-832A-7568BDF56829}.Release|Any CPU.Build.0 = Release|Any CPU
		{8AF1D8BC-2F8A-4A96-8108-7F4658210C85}.Debug|Any CPU.ActiveCfg = Debug|Any CPU
		{8AF1D8BC-2F8A-4A96-8108-7F4658210C85}.Debug|Any CPU.Build.0 = Debug|Any CPU
		{8AF1D8BC-2F8A-4A96-8108-7F4658210C85}.Debug|Any CPU.Deploy.0 = Debug|Any CPU
		{8AF1D8BC-2F8A-4A96-8108-7F4658210C85}.Release|Any CPU.ActiveCfg = Release|Any CPU
		{8AF1D8BC-2F8A-4A96-8108-7F4658210C85}.Release|Any CPU.Build.0 = Release|Any CPU
		{8AF1D8BC-2F8A-4A96-8108-7F4658210C85}.Release|Any CPU.Deploy.0 = Release|Any CPU
	EndGlobalSection
	GlobalSection(SolutionProperties) = preSolution
		HideSolutionNode = FALSE
	EndGlobalSection
	GlobalSection(ExtensibilityGlobals) = postSolution
		SolutionGuid = {F25D2B8D-3700-474C-92AA-170E0E8077E6}
	EndGlobalSection
EndGlobal
